Microsoft Visual Studio Solution File, Format Version 12.00
# Visual Studio Version 17
VisualStudioVersion = 17.5.2.0
MinimumVisualStudioVersion = 10.0.40219.1
Project("{FAE04EC0-301F-11D3-BF4B-00C04F79EFBC}") = "studenticrud", "studenticrud.csproj", "{1155A927-D3CE-D2AD-030B-BE9A063FE8FB}"
EndProject
Global
	GlobalSection(SolutionConfigurationPlatforms) = preSolution
		Debug|Any CPU = Debug|Any CPU
		Release|Any CPU = Release|Any CPU
	EndGlobalSection
	GlobalSection(ProjectConfigurationPlatforms) = postSolution
		{1155A927-D3CE-D2AD-030B-BE9A063FE8FB}.Debug|Any CPU.ActiveCfg = Debug|Any CPU
		{1155A927-D3CE-D2AD-030B-BE9A063FE8FB}.Debug|Any CPU.Build.0 = Debug|Any CPU
		{1155A927-D3CE-D2AD-030B-BE9A063FE8FB}.Release|Any CPU.ActiveCfg = Release|Any CPU
		{1155A927-D3CE-D2AD-030B-BE9A063FE8FB}.Release|Any CPU.Build.0 = Release|Any CPU
	EndGlobalSection
	GlobalSection(SolutionProperties) = preSolution
		HideSolutionNode = FALSE
	EndGlobalSection
	GlobalSection(ExtensibilityGlobals) = postSolution
		SolutionGuid = {38B313CF-943B-4501-AE91-09C5A451AD12}
	EndGlobalSection
EndGlobal
